
Microsoft Visual Studio Solution File, Format Version 12.00
# Visual Studio Version 16
VisualStudioVersion = 16.0.29709.97
MinimumVisualStudioVersion = 10.0.40219.1
Project("{9A19103F-16F7-4668-BE54-9A1E7A4F7556}") = "Clipper", "Clipper/Clipper.csproj", "{CDC206C4-85BF-4FED-B7DD-EA6C3F218F43}"
EndProject
Global
	GlobalSection(SolutionConfigurationPlatforms) = preSolution
		Debug|Any CPU = Debug|Any CPU
		Release|Any CPU = Release|Any CPU
	EndGlobalSection
	GlobalSection(ProjectConfigurationPlatforms) = postSolution
		{CDC206C4-85BF-4FED-B7DD-EA6C3F218F43}.Debug|Any CPU.ActiveCfg = Debug|Any CPU
		{CDC206C4-85BF-4FED-B7DD-EA6C3F218F43}.Debug|Any CPU.Build.0 = Debug|Any CPU
		{CDC206C4-85BF-4FED-B7DD-EA6C3F218F43}.Release|Any CPU.ActiveCfg = Release|Any CPU
		{CDC206C4-85BF-4FED-B7DD-EA6C3F218F43}.Release|Any CPU.Build.0 = Release|Any CPU
	EndGlobalSection
	GlobalSection(SolutionProperties) = preSolution
		HideSolutionNode = FALSE
	EndGlobalSection
	GlobalSection(ExtensibilityGlobals) = postSolution
		SolutionGuid = {94291C46-354F-4F10-AD97-2769C4715B2A}
	EndGlobalSection
EndGlobal
